
Microsoft Visual Studio Solution File, Format Version 12.00
# Visual Studio Version 16
VisualStudioVersion = 16.0.33328.57
MinimumVisualStudioVersion = 10.0.40219.1
Project("{FAE04EC0-301F-11D3-BF4B-00C04F79EFBC}") = "BazaDanych", "BazaDanych\BazaDanych.csproj", "{044E0D92-C7FB-44E5-91C4-9CAB8C572950}"
EndProject
Global
	GlobalSection(SolutionConfigurationPlatforms) = preSolution
		Debug|Any CPU = Debug|Any CPU
		Release|Any CPU = Release|Any CPU
	EndGlobalSection
	GlobalSection(ProjectConfigurationPlatforms) = postSolution
		{044E0D92-C7FB-44E5-91C4-9CAB8C572950}.Debug|Any CPU.ActiveCfg = Debug|Any CPU
		{044E0D92-C7FB-44E5-91C4-9CAB8C572950}.Debug|Any CPU.Build.0 = Debug|Any CPU
		{044E0D92-C7FB-44E5-91C4-9CAB8C572950}.Release|Any CPU.ActiveCfg = Release|Any CPU
		{044E0D92-C7FB-44E5-91C4-9CAB8C572950}.Release|Any CPU.Build.0 = Release|Any CPU
	EndGlobalSection
	GlobalSection(SolutionProperties) = preSolution
		HideSolutionNode = FALSE
	EndGlobalSection
	GlobalSection(ExtensibilityGlobals) = postSolution
		SolutionGuid = {B6E284B8-BF55-41EA-B2C9-5A15CC6311C0}
	EndGlobalSection
EndGlobal
